
Microsoft Visual Studio Solution File, Format Version 12.00
# Visual Studio 15
VisualStudioVersion = 15.0.27428.2037
MinimumVisualStudioVersion = 10.0.40219.1
Project("{FAE04EC0-301F-11D3-BF4B-00C04F79EFBC}") = "WinHttpConnectJsonLib", "WinHttpConnectJsonLib\WinHttpConnectJsonLib.csproj", "{A114FD27-E6CA-4791-8CB5-398A5D042C8F}"
EndProject
Project("{FAE04EC0-301F-11D3-BF4B-00C04F79EFBC}") = "DataTransferObjects", "DataTransferObjects\DataTransferObjects.csproj", "{CB980A3F-EBDB-4FE7-AC98-251BB932ADA9}"
EndProject
Global
	GlobalSection(SolutionConfigurationPlatforms) = preSolution
		Debug|Any CPU = Debug|Any CPU
		Release|Any CPU = Release|Any CPU
	EndGlobalSection
	GlobalSection(ProjectConfigurationPlatforms) = postSolution
		{A114FD27-E6CA-4791-8CB5-398A5D042C8F}.Debug|Any CPU.ActiveCfg = Debug|Any CPU
		{A114FD27-E6CA-4791-8CB5-398A5D042C8F}.Debug|Any CPU.Build.0 = Debug|Any CPU
		{A114FD27-E6CA-4791-8CB5-398A5D042C8F}.Release|Any CPU.ActiveCfg = Release|Any CPU
		{A114FD27-E6CA-4791-8CB5-398A5D042C8F}.Release|Any CPU.Build.0 = Release|Any CPU
		{CB980A3F-EBDB-4FE7-AC98-251BB932ADA9}.Debug|Any CPU.ActiveCfg = Debug|Any CPU
		{CB980A3F-EBDB-4FE7-AC98-251BB932ADA9}.Debug|Any CPU.Build.0 = Debug|Any CPU
		{CB980A3F-EBDB-4FE7-AC98-251BB932ADA9}.Release|Any CPU.ActiveCfg = Release|Any CPU
		{CB980A3F-EBDB-4FE7-AC98-251BB932ADA9}.Release|Any CPU.Build.0 = Release|Any CPU
	EndGlobalSection
	GlobalSection(SolutionProperties) = preSolution
		HideSolutionNode = FALSE
	EndGlobalSection
	GlobalSection(ExtensibilityGlobals) = postSolution
		SolutionGuid = {2268D973-4962-4326-9680-B2138BCC35CA}
	EndGlobalSection
EndGlobal
